// !$*UTF8*$!
{
	archiveVersion = 1;
	classes = {
	};
	objectVersion = 46;
	objects = {

/* Begin PBXBuildFile section */
		49EC12BB18470CEC00631BB2 /* Foundation.framework in Frameworks */ = {isa = PBXBuildFile; fileRef = 49EC12BA18470CEC00631BB2 /* Foundation.framework */; };
		49EC12BD18470CEC00631BB2 /* CoreGraphics.framework in Frameworks */ = {isa = PBXBuildFile; fileRef = 49EC12BC18470CEC00631BB2 /* CoreGraphics.framework */; };
		49EC12BF18470CED00631BB2 /* UIKit.framework in Frameworks */ = {isa = PBXBuildFile; fileRef = 49EC12BE18470CED00631BB2 /* UIKit.framework */; };
		49EC12C518470CED00631BB2 /* InfoPlist.strings in Resources */ = {isa = PBXBuildFile; fileRef = 49EC12C318470CED00631BB2 /* InfoPlist.strings */; };
		49EC12C718470CED00631BB2 /* main.m in Sources */ = {isa = PBXBuildFile; fileRef = 49EC12C618470CED00631BB2 /* main.m */; };
		49EC12CB18470CED00631BB2 /* AppDelegate.m in Sources */ = {isa = PBXBuildFile; fileRef = 49EC12CA18470CED00631BB2 /* AppDelegate.m */; };
		49EC12CE18470CED00631BB2 /* Main.storyboard in Resources */ = {isa = PBXBuildFile; fileRef = 49EC12CC18470CED00631BB2 /* Main.storyboard */; };
		49EC12D118470CED00631BB2 /* ViewController.m in Sources */ = {isa = PBXBuildFile; fileRef = 49EC12D018470CED00631BB2 /* ViewController.m */; };
		49EC12D318470CED00631BB2 /* Images.xcassets in Resources */ = {isa = PBXBuildFile; fileRef = 49EC12D218470CED00631BB2 /* Images.xcassets */; };
		49EC12DA18470CED00631BB2 /* XCTest.framework in Frameworks */ = {isa = PBXBuildFile; fileRef = 49EC12D918470CED00631BB2 /* XCTest.framework */; };
		49EC12DB18470CED00631BB2 /* Foundation.framework in Frameworks */ = {isa = PBXBuildFile; fileRef = 49EC12BA18470CEC00631BB2 /* Foundation.framework */; };
		49EC12DC18470CED00631BB2 /* UIKit.framework in Frameworks */ = {isa = PBXBuildFile; fileRef = 49EC12BE18470CED00631BB2 /* UIKit.framework */; };
		49EC12E418470CED00631BB2 /* InfoPlist.strings in Resources */ = {isa = PBXBuildFile; fileRef = 49EC12E218470CED00631BB2 /* InfoPlist.strings */; };
		49EC12E618470CED00631BB2 /* GPS_TestTests.m in Sources */ = {isa = PBXBuildFile; fileRef = 49EC12E518470CED00631BB2 /* GPS_TestTests.m */; };
/* End PBXBuildFile section */

/* Begin PBXContainerItemProxy section */
		49EC12DD18470CED00631BB2 /* PBXContainerItemProxy */ = {
			isa = PBXContainerItemProxy;
			containerPortal = 49EC12AF18470CEC00631BB2 /* Project object */;
			proxyType = 1;
			remoteGlobalIDString = 49EC12B618470CEC00631BB2;
			remoteInfo = GPS_Test;
		};
/* End PBXContainerItemProxy section */

/* Begin PBXFileReference section */
		49EC12B718470CEC00631BB2 /* GPS_Test.app */ = {isa = PBXFileReference; explicitFileType = wrapper.application; includeInIndex = 0; path = GPS_Test.app; sourceTree = BUILT_PRODUCTS_DIR; };
		49EC12BA18470CEC00631BB2 /* Foundation.framework */ = {isa = PBXFileReference; lastKnownFileType = wrapper.framework; name = Foundation.framework; path = System/Library/Frameworks/Foundation.framework; sourceTree = SDKROOT; };
		49EC12BC18470CEC00631BB2 /* CoreGraphics.framework */ = {isa = PBXFileReference; lastKnownFileType = wrapper.framework; name = CoreGraphics.framework; path = System/Library/Frameworks/CoreGraphics.framework; sourceTree = SDKROOT; };
		49EC12BE18470CED00631BB2 /* UIKit.framework */ = {isa = PBXFileReference; lastKnownFileType = wrapper.framework; name = UIKit.framework; path = System/Library/Frameworks/UIKit.framework; sourceTree = SDKROOT; };
		49EC12C218470CED00631BB2 /* GPS_Test-Info.plist */ = {isa = PBXFileReference; lastKnownFileType = text.plist.xml; path = "GPS_Test-Info.plist"; sourceTree = "<group>"; };
		49EC12C418470CED00631BB2 /* en */ = {isa = PBXFileReference; lastKnownFileType = text.plist.strings; name = en; path = en.lproj/InfoPlist.strings; sourceTree = "<group>"; };
		49EC12C618470CED00631BB2 /* main.m */ = {isa = PBXFileReference; lastKnownFileType = sourcecode.c.objc; path = main.m; sourceTree = "<group>"; };
		49EC12C818470CED00631BB2 /* GPS_Test-Prefix.pch */ = {isa = PBXFileReference; lastKnownFileType = sourcecode.c.h; path = "GPS_Test-Prefix.pch"; sourceTree = "<group>"; };
		49EC12C918470CED00631BB2 /* AppDelegate.h */ = {isa = PBXFileReference; lastKnownFileType = sourcecode.c.h; path = AppDelegate.h; sourceTree = "<group>"; };
		49EC12CA18470CED00631BB2 /* AppDelegate.m */ = {isa = PBXFileReference; lastKnownFileType = sourcecode.c.objc; path = AppDelegate.m; sourceTree = "<group>"; };
		49EC12CD18470CED00631BB2 /* Base */ = {isa = PBXFileReference; lastKnownFileType = file.storyboard; name = Base; path = Base.lproj/Main.storyboard; sourceTree = "<group>"; };
		49EC12CF18470CED00631BB2 /* ViewController.h */ = {isa = PBXFileReference; lastKnownFileType = sourcecode.c.h; path = ViewController.h; sourceTree = "<group>"; };
		49EC12D018470CED00631BB2 /* ViewController.m */ = {isa = PBXFileReference; lastKnownFileType = sourcecode.c.objc; path = ViewController.m; sourceTree = "<group>"; };
		49EC12D218470CED00631BB2 /* Images.xcassets */ = {isa = PBXFileReference; lastKnownFileType = folder.assetcatalog; path = Images.xcassets; sourceTree = "<group>"; };
		49EC12D818470CED00631BB2 /* GPS_TestTests.xctest */ = {isa = PBXFileReference; explicitFileType = wrapper.cfbundle; includeInIndex = 0; path = GPS_TestTests.xctest; sourceTree = BUILT_PRODUCTS_DIR; };
		49EC12D918470CED00631BB2 /* XCTest.framework */ = {isa = PBXFileReference; lastKnownFileType = wrapper.framework; name = XCTest.framework; path = Library/Frameworks/XCTest.framework; sourceTree = DEVELOPER_DIR; };
		49EC12E118470CED00631BB2 /* GPS_TestTests-Info.plist */ = {isa = PBXFileReference; lastKnownFileType = text.plist.xml; path = "GPS_TestTests-Info.plist"; sourceTree = "<group>"; };
		49EC12E318470CED00631BB2 /* en */ = {isa = PBXFileReference; lastKnownFileType = text.plist.strings; name = en; path = en.lproj/InfoPlist.strings; sourceTree = "<group>"; };
		49EC12E518470CED00631BB2 /* GPS_TestTests.m */ = {isa = PBXFileReference; lastKnownFileType = sourcecode.c.objc; path = GPS_TestTests.m; sourceTree = "<group>"; };
/* End PBXFileReference section */

/* Begin PBXFrameworksBuildPhase section */
		49EC12B418470CEC00631BB2 /* Frameworks */ = {
			isa = PBXFrameworksBuildPhase;
			buildActionMask = 2147483647;
			files = (
				49EC12BD18470CEC00631BB2 /* CoreGraphics.framework in Frameworks */,
				49EC12BF18470CED00631BB2 /* UIKit.framework in Frameworks */,
				49EC12BB18470CEC00631BB2 /* Foundation.framework in Frameworks */,
			);
			runOnlyForDeploymentPostprocessing = 0;
		};
		49EC12D518470CED00631BB2 /* Frameworks */ = {
			isa = PBXFrameworksBuildPhase;
			buildActionMask = 2147483647;
			files = (
				49EC12DA18470CED00631BB2 /* XCTest.framework in Frameworks */,
				49EC12DC18470CED00631BB2 /* UIKit.framework in Frameworks */,
				49EC12DB18470CED00631BB2 /* Foundation.framework in Frameworks */,
			);
			runOnlyForDeploymentPostprocessing = 0;
		};
/* End PBXFrameworksBuildPhase section */

/* Begin PBXGroup section */
		49EC12AE18470CEC00631BB2 = {
			isa = PBXGroup;
			children = (
				49EC12C018470CED00631BB2 /* GPS_Test */,
				49EC12DF18470CED00631BB2 /* GPS_TestTests */,
				49EC12B918470CEC00631BB2 /* Frameworks */,
				49EC12B818470CEC00631BB2 /* Products */,
			);
			sourceTree = "<group>";
		};
		49EC12B818470CEC00631BB2 /* Products */ = {
			isa = PBXGroup;
			children = (
				49EC12B718470CEC00631BB2 /* GPS_Test.app */,
				49EC12D818470CED00631BB2 /* GPS_TestTests.xctest */,
			);
			name = Products;
			sourceTree = "<group>";
		};
		49EC12B918470CEC00631BB2 /* Frameworks */ = {
			isa = PBXGroup;
			children = (
				49EC12BA18470CEC00631BB2 /* Foundation.framework */,
				49EC12BC18470CEC00631BB2 /* CoreGraphics.framework */,
				49EC12BE18470CED00631BB2 /* UIKit.framework */,
				49EC12D918470CED00631BB2 /* XCTest.framework */,
			);
			name = Frameworks;
			sourceTree = "<group>";
		};
		49EC12C018470CED00631BB2 /* GPS_Test */ = {
			isa = PBXGroup;
			children = (
				49EC12C918470CED00631BB2 /* AppDelegate.h */,
				49EC12CA18470CED00631BB2 /* AppDelegate.m */,
				49EC12CC18470CED00631BB2 /* Main.storyboard */,
				49EC12CF18470CED00631BB2 /* ViewController.h */,
				49EC12D018470CED00631BB2 /* ViewController.m */,
				49EC12D218470CED00631BB2 /* Images.xcassets */,
				49EC12C118470CED00631BB2 /* Supporting Files */,
			);
			path = GPS_Test;
			sourceTree = "<group>";
		};
		49EC12C118470CED00631BB2 /* Supporting Files */ = {
			isa = PBXGroup;
			children = (
				49EC12C218470CED00631BB2 /* GPS_Test-Info.plist */,
				49EC12C318470CED00631BB2 /* InfoPlist.strings */,
				49EC12C618470CED00631BB2 /* main.m */,
				49EC12C818470CED00631BB2 /* GPS_Test-Prefix.pch */,
			);
			name = "Supporting Files";
			sourceTree = "<group>";
		};
		49EC12DF18470CED00631BB2 /* GPS_TestTests */ = {
			isa = PBXGroup;
			children = (
				49EC12E518470CED00631BB2 /* GPS_TestTests.m */,
				49EC12E018470CED00631BB2 /* Supporting Files */,
			);
			path = GPS_TestTests;
			sourceTree = "<group>";
		};
		49EC12E018470CED00631BB2 /* Supporting Files */ = {
			isa = PBXGroup;
			children = (
				49EC12E118470CED00631BB2 /* GPS_TestTests-Info.plist */,
				49EC12E218470CED00631BB2 /* InfoPlist.strings */,
			);
			name = "Supporting Files";
			sourceTree = "<group>";
		};
/* End PBXGroup section */

/* Begin PBXNativeTarget section */
		49EC12B618470CEC00631BB2 /* GPS_Test */ = {
			isa = PBXNativeTarget;
			buildConfigurationList = 49EC12E918470CED00631BB2 /* Build configuration list for PBXNativeTarget "GPS_Test" */;
			buildPhases = (
				49EC12B318470CEC00631BB2 /* Sources */,
				49EC12B418470CEC00631BB2 /* Frameworks */,
				49EC12B518470CEC00631BB2 /* Resources */,
			);
			buildRules = (
			);
			dependencies = (
			);
			name = GPS_Test;
			productName = GPS_Test;
			productReference = 49EC12B718470CEC00631BB2 /* GPS_Test.app */;
			productType = "com.apple.product-type.application";
		};
		49EC12D718470CED00631BB2 /* GPS_TestTests */ = {
			isa = PBXNativeTarget;
			buildConfigurationList = 49EC12EC18470CED00631BB2 /* Build configuration list for PBXNativeTarget "GPS_TestTests" */;
			buildPhases = (
				49EC12D418470CED00631BB2 /* Sources */,
				49EC12D518470CED00631BB2 /* Frameworks */,
				49EC12D618470CED00631BB2 /* Resources */,
			);
			buildRules = (
			);
			dependencies = (
				49EC12DE18470CED00631BB2 /* PBXTargetDependency */,
			);
			name = GPS_TestTests;
			productName = GPS_TestTests;
			productReference = 49EC12D818470CED00631BB2 /* GPS_TestTests.xctest */;
			productType = "com.apple.product-type.bundle.unit-test";
		};
/* End PBXNativeTarget section */

/* Begin PBXProject section */
		49EC12AF18470CEC00631BB2 /* Project object */ = {
			isa = PBXProject;
			attributes = {
				LastUpgradeCheck = 0500;
				ORGANIZATIONNAME = "張晉綱";
				TargetAttributes = {
					49EC12D718470CED00631BB2 = {
						TestTargetID = 49EC12B618470CEC00631BB2;
					};
				};
			};
			buildConfigurationList = 49EC12B218470CEC00631BB2 /* Build configuration list for PBXProject "GPS_Test" */;
			compatibilityVersion = "Xcode 3.2";
			developmentRegion = English;
			hasScannedForEncodings = 0;
			knownRegions = (
				en,
				Base,
			);
			mainGroup = 49EC12AE18470CEC00631BB2;
			productRefGroup = 49EC12B818470CEC00631BB2 /* Products */;
			projectDirPath = "";
			projectRoot = "";
			targets = (
				49EC12B618470CEC00631BB2 /* GPS_Test */,
				49EC12D718470CED00631BB2 /* GPS_TestTests */,
			);
		};
/* End PBXProject section */

/* Begin PBXResourcesBuildPhase section */
		49EC12B518470CEC00631BB2 /* Resources */ = {
			isa = PBXResourcesBuildPhase;
			buildActionMask = 2147483647;
			files = (
				49EC12D318470CED00631BB2 /* Images.xcassets in Resources */,
				49EC12C518470CED00631BB2 /* InfoPlist.strings in Resources */,
				49EC12CE18470CED00631BB2 /* Main.storyboard in Resources */,
			);
			runOnlyForDeploymentPostprocessing = 0;
		};
		49EC12D618470CED00631BB2 /* Resources */ = {
			isa = PBXResourcesBuildPhase;
			buildActionMask = 2147483647;
			files = (
				49EC12E418470CED00631BB2 /* InfoPlist.strings in Resources */,
			);
			runOnlyForDeploymentPostprocessing = 0;
		};
/* End PBXResourcesBuildPhase section */

/* Begin PBXSourcesBuildPhase section */
		49EC12B318470CEC00631BB2 /* Sources */ = {
			isa = PBXSourcesBuildPhase;
			buildActionMask = 2147483647;
			files = (
				49EC12D118470CED00631BB2 /* ViewController.m in Sources */,
				49EC12CB18470CED00631BB2 /* AppDelegate.m in Sources */,
				49EC12C718470CED00631BB2 /* main.m in Sources */,
			);
			runOnlyForDeploymentPostprocessing = 0;
		};
		49EC12D418470CED00631BB2 /* Sources */ = {
			isa = PBXSourcesBuildPhase;
			buildActionMask = 2147483647;
			files = (
				49EC12E618470CED00631BB2 /* GPS_TestTests.m in Sources */,
			);
			runOnlyForDeploymentPostprocessing = 0;
		};
/* End PBXSourcesBuildPhase section */

/* Begin PBXTargetDependency section */
		49EC12DE18470CED00631BB2 /* PBXTargetDependency */ = {
			isa = PBXTargetDependency;
			target = 49EC12B618470CEC00631BB2 /* GPS_Test */;
			targetProxy = 49EC12DD18470CED00631BB2 /* PBXContainerItemProxy */;
		};
/* End PBXTargetDependency section */

/* Begin PBXVariantGroup section */
		49EC12C318470CED00631BB2 /* InfoPlist.strings */ = {
			isa = PBXVariantGroup;
			children = (
				49EC12C418470CED00631BB2 /* en */,
			);
			name = InfoPlist.strings;
			sourceTree = "<group>";
		};
		49EC12CC18470CED00631BB2 /* Main.storyboard */ = {
			isa = PBXVariantGroup;
			children = (
				49EC12CD18470CED00631BB2 /* Base */,
			);
			name = Main.storyboard;
			sourceTree = "<group>";
		};
		49EC12E218470CED00631BB2 /* InfoPlist.strings */ = {
			isa = PBXVariantGroup;
			children = (
				49EC12E318470CED00631BB2 /* en */,
			);
			name = InfoPlist.strings;
			sourceTree = "<group>";
		};
/* End PBXVariantGroup section */

/* Begin XCBuildConfiguration section */
		49EC12E718470CED00631BB2 /* Debug */ = {
			isa = XCBuildConfiguration;
			buildSettings = {
				ALWAYS_SEARCH_USER_PATHS = NO;
				ARCHS = "$(ARCHS_STANDARD_INCLUDING_64_BIT)";
				CLANG_CXX_LANGUAGE_STANDARD = "gnu++0x";
				CLANG_CXX_LIBRARY = "libc++";
				CLANG_ENABLE_MODULES = YES;
				CLANG_ENABLE_OBJC_ARC = YES;
				CLANG_WARN_BOOL_CONVERSION = YES;
				CLANG_WARN_CONSTANT_CONVERSION = YES;
				CLANG_WARN_DIRECT_OBJC_ISA_USAGE = YES_ERROR;
				CLANG_WARN_EMPTY_BODY = YES;
				CLANG_WARN_ENUM_CONVERSION = YES;
				CLANG_WARN_INT_CONVERSION = YES;
				CLANG_WARN_OBJC_ROOT_CLASS = YES_ERROR;
				CLANG_WARN__DUPLICATE_METHOD_MATCH = YES;
				"CODE_SIGN_IDENTITY[sdk=iphoneos*]" = "iPhone Developer";
				COPY_PHASE_STRIP = NO;
				GCC_C_LANGUAGE_STANDARD = gnu99;
				GCC_DYNAMIC_NO_PIC = NO;
				GCC_OPTIMIZATION_LEVEL = 0;
				GCC_PREPROCESSOR_DEFINITIONS = (
					"DEBUG=1",
					"$(inherited)",
				);
				GCC_SYMBOLS_PRIVATE_EXTERN = NO;
				GCC_WARN_64_TO_32_BIT_CONVERSION = YES;
				GCC_WARN_ABOUT_RETURN_TYPE = YES_ERROR;
				GCC_WARN_UNDECLARED_SELECTOR = YES;
				GCC_WARN_UNINITIALIZED_AUTOS = YES;
				GCC_WARN_UNUSED_FUNCTION = YES;
				GCC_WARN_UNUSED_VARIABLE = YES;
				IPHONEOS_DEPLOYMENT_TARGET = 7.0;
				ONLY_ACTIVE_ARCH = YES;
				SDKROOT = iphoneos;
			};
			name = Debug;
		};
		49EC12E818470CED00631BB2 /* Release */ = {
			isa = XCBuildConfiguration;
			buildSettings = {
				ALWAYS_SEARCH_USER_PATHS = NO;
				ARCHS = "$(ARCHS_STANDARD_INCLUDING_64_BIT)";
				CLANG_CXX_LANGUAGE_STANDARD = "gnu++0x";
				CLANG_CXX_LIBRARY = "libc++";
				CLANG_ENABLE_MODULES = YES;
				CLANG_ENABLE_OBJC_ARC = YES;
				CLANG_WARN_BOOL_CONVERSION = YES;
				CLANG_WARN_CONSTANT_CONVERSION = YES;
				CLANG_WARN_DIRECT_OBJC_ISA_USAGE = YES_ERROR;
				CLANG_WARN_EMPTY_BODY = YES;
				CLANG_WARN_ENUM_CONVERSION = YES;
				CLANG_WARN_INT_CONVERSION = YES;
				CLANG_WARN_OBJC_ROOT_CLASS = YES_ERROR;
				CLANG_WARN__DUPLICATE_METHOD_MATCH = YES;
				"CODE_SIGN_IDENTITY[sdk=iphoneos*]" = "iPhone Developer";
				COPY_PHASE_STRIP = YES;
				ENABLE_NS_ASSERTIONS = NO;
				GCC_C_LANGUAGE_STANDARD = gnu99;
				GCC_WARN_64_TO_32_BIT_CONVERSION = YES;
				GCC_WARN_ABOUT_RETURN_TYPE = YES_ERROR;
				GCC_WARN_UNDECLARED_SELECTOR = YES;
				GCC_WARN_UNINITIALIZED_AUTOS = YES;
				GCC_WARN_UNUSED_FUNCTION = YES;
				GCC_WARN_UNUSED_VARIABLE = YES;
				IPHONEOS_DEPLOYMENT_TARGET = 7.0;
				SDKROOT = iphoneos;
				VALIDATE_PRODUCT = YES;
			};
			name = Release;
		};
		49EC12EA18470CED00631BB2 /* Debug */ = {
			isa = XCBuildConfiguration;
			buildSettings = {
				ASSETCATALOG_COMPILER_APPICON_NAME = AppIcon;
				ASSETCATALOG_COMPILER_LAUNCHIMAGE_NAME = LaunchImage;
				GCC_PRECOMPILE_PREFIX_HEADER = YES;
				GCC_PREFIX_HEADER = "GPS_Test/GPS_Test-Prefix.pch";
				INFOPLIST_FILE = "GPS_Test/GPS_Test-Info.plist";
				PRODUCT_NAME = "$(TARGET_NAME)";
				WRAPPER_EXTENSION = app;
			};
			name = Debug;
		};
		49EC12EB18470CED00631BB2 /* Release */ = {
			isa = XCBuildConfiguration;
			buildSettings = {
				ASSETCATALOG_COMPILER_APPICON_NAME = AppIcon;
				ASSETCATALOG_COMPILER_LAUNCHIMAGE_NAME = LaunchImage;
				GCC_PRECOMPILE_PREFIX_HEADER = YES;
				GCC_PREFIX_HEADER = "GPS_Test/GPS_Test-Prefix.pch";
				INFOPLIST_FILE = "GPS_Test/GPS_Test-Info.plist";
				PRODUCT_NAME = "$(TARGET_NAME)";
				WRAPPER_EXTENSION = app;
			};
			name = Release;
		};
		49EC12ED18470CED00631BB2 /* Debug */ = {
			isa = XCBuildConfiguration;
			buildSettings = {
				ARCHS = "$(ARCHS_STANDARD_INCLUDING_64_BIT)";
				BUNDLE_LOADER = "$(BUILT_PRODUCTS_DIR)/GPS_Test.app/GPS_Test";
				FRAMEWORK_SEARCH_PATHS = (
					"$(SDKROOT)/Developer/Library/Frameworks",
					"$(inherited)",
					"$(DEVELOPER_FRAMEWORKS_DIR)",
				);
				GCC_PRECOMPILE_PREFIX_HEADER = YES;
				GCC_PREFIX_HEADER = "GPS_Test/GPS_Test-Prefix.pch";
				GCC_PREPROCESSOR_DEFINITIONS = (
					"DEBUG=1",
					"$(inherited)",
				);
				INFOPLIST_FILE = "GPS_TestTests/GPS_TestTests-Info.plist";
				PRODUCT_NAME = "$(TARGET_NAME)";
				TEST_HOST = "$(BUNDLE_LOADER)";
				WRAPPER_EXTENSION = xctest;
			};
			name = Debug;
		};
		49EC12EE18470CED00631BB2 /* Release */ = {
			isa = XCBuildConfiguration;
			buildSettings = {
				ARCHS = "$(ARCHS_STANDARD_INCLUDING_64_BIT)";
				BUNDLE_LOADER = "$(BUILT_PRODUCTS_DIR)/GPS_Test.app/GPS_Test";
				FRAMEWORK_SEARCH_PATHS = (
					"$(SDKROOT)/Developer/Library/Frameworks",
					"$(inherited)",
					"$(DEVELOPER_FRAMEWORKS_DIR)",
				);
				GCC_PRECOMPILE_PREFIX_HEADER = YES;
				GCC_PREFIX_HEADER = "GPS_Test/GPS_Test-Prefix.pch";
				INFOPLIST_FILE = "GPS_TestTests/GPS_TestTests-Info.plist";
				PRODUCT_NAME = "$(TARGET_NAME)";
				TEST_HOST = "$(BUNDLE_LOADER)";
				WRAPPER_EXTENSION = xctest;
			};
			name = Release;
		};
/* End XCBuildConfiguration section */

/* Begin XCConfigurationList section */
		49EC12B218470CEC00631BB2 /* Build configuration list for PBXProject "GPS_Test" */ = {
			isa = XCConfigurationList;
			buildConfigurations = (
				49EC12E718470CED00631BB2 /* Debug */,
				49EC12E818470CED00631BB2 /* Release */,
			);
			defaultConfigurationIsVisible = 0;
			defaultConfigurationName = Release;
		};
		49EC12E918470CED00631BB2 /* Build configuration list for PBXNativeTarget "GPS_Test" */ = {
			isa = XCConfigurationList;
			buildConfigurations = (
				49EC12EA18470CED00631BB2 /* Debug */,
				49EC12EB18470CED00631BB2 /* Release */,
			);
			defaultConfigurationIsVisible = 0;
		};
		49EC12EC18470CED00631BB2 /* Build configuration list for PBXNativeTarget "GPS_TestTests" */ = {
			isa = XCConfigurationList;
			buildConfigurations = (
				49EC12ED18470CED00631BB2 /* Debug */,
				49EC12EE18470CED00631BB2 /* Release */,
			);
			defaultConfigurationIsVisible = 0;
		};
/* End XCConfigurationList section */
	};
	rootObject = 49EC12AF18470CEC00631BB2 /* Project object */;
}
